
Microsoft Visual Studio Solution File, Format Version 12.00
# Visual Studio Version 16
VisualStudioVersion = 16.0.29806.167
MinimumVisualStudioVersion = 10.0.40219.1
Project("{8BC9CEB8-8B4A-11D0-8D11-00A0C91BC942}") = "01 hello", "01 hello\01 hello.vcxproj", "{9C3D1E66-DD47-49A9-BA53-A4080449EBAF}"
EndProject
Project("{8BC9CEB8-8B4A-11D0-8D11-00A0C91BC942}") = "02 input", "02 input\02 input.vcxproj", "{06841981-35B8-41CD-80B1-43EE10CA9B4C}"
EndProject
Project("{8BC9CEB8-8B4A-11D0-8D11-00A0C91BC942}") = "03 ctocpp", "03 ctocpp\03 ctocpp.vcxproj", "{199AE15E-F8E8-4C97-B5F2-19B64A4DED4C}"
EndProject
Project("{8BC9CEB8-8B4A-11D0-8D11-00A0C91BC942}") = "04 trycatch", "04 trycatch\04 trycatch.vcxproj", "{D65E8C0C-C84F-488C-9905-8823227CAFB2}"
EndProject
Project("{8BC9CEB8-8B4A-11D0-8D11-00A0C91BC942}") = "05 scope1", "05 scope1\05 scope1.vcxproj", "{C13276C6-5AA8-4983-ACFA-664B463C5CBD}"
EndProject
Project("{8BC9CEB8-8B4A-11D0-8D11-00A0C91BC942}") = "06 scope2", "06 scope2\06 scope2.vcxproj", "{B1ED2182-0F0F-4A91-B148-869AEF4E444B}"
EndProject
Project("{8BC9CEB8-8B4A-11D0-8D11-00A0C91BC942}") = "07 scope3", "07 scope3\07 scope3.vcxproj", "{E6387421-0343-4DC8-A5C9-6895AFD373CE}"
EndProject
Project("{8BC9CEB8-8B4A-11D0-8D11-00A0C91BC942}") = "08 array1", "08 array1\08 array1.vcxproj", "{62C92D4B-1C92-4B49-9783-62A1A70FFE36}"
EndProject
Project("{8BC9CEB8-8B4A-11D0-8D11-00A0C91BC942}") = "09 array2", "09 array2\09 array2.vcxproj", "{8361D18A-65A9-4086-B49E-1396C4A2467C}"
EndProject
Project("{8BC9CEB8-8B4A-11D0-8D11-00A0C91BC942}") = "10 class", "10 class\10 class.vcxproj", "{DACEBFEE-3C8A-4906-924A-062F411B2C2B}"
EndProject
Project("{8BC9CEB8-8B4A-11D0-8D11-00A0C91BC942}") = "11 objectarray", "11 objectarray\11 objectarray.vcxproj", "{C76DF92D-C6A4-4E36-8D28-E77828AD5FBB}"
EndProject
Project("{8BC9CEB8-8B4A-11D0-8D11-00A0C91BC942}") = "12 koreantime", "12 koreantime\12 koreantime.vcxproj", "{AA4D46A2-E3FF-4885-80C1-A88C4FBF5FAC}"
EndProject
Project("{8BC9CEB8-8B4A-11D0-8D11-00A0C91BC942}") = "13 string", "13 string\13 string.vcxproj", "{12C372FD-233A-4F63-A2B1-6BED0A97A52C}"
EndProject
Project("{8BC9CEB8-8B4A-11D0-8D11-00A0C91BC942}") = "14 string method", "14 string method\14 string method.vcxproj", "{2894F0D7-E811-4C4E-B687-800489CD232B}"
EndProject
Global
	GlobalSection(SolutionConfigurationPlatforms) = preSolution
		Debug|x64 = Debug|x64
		Debug|x86 = Debug|x86
		Release|x64 = Release|x64
		Release|x86 = Release|x86
	EndGlobalSection
	GlobalSection(ProjectConfigurationPlatforms) = postSolution
		{9C3D1E66-DD47-49A9-BA53-A4080449EBAF}.Debug|x64.ActiveCfg = Debug|x64
		{9C3D1E66-DD47-49A9-BA53-A4080449EBAF}.Debug|x64.Build.0 = Debug|x64
		{9C3D1E66-DD47-49A9-BA53-A4080449EBAF}.Debug|x86.ActiveCfg = Debug|Win32
		{9C3D1E66-DD47-49A9-BA53-A4080449EBAF}.Debug|x86.Build.0 = Debug|Win32
		{9C3D1E66-DD47-49A9-BA53-A4080449EBAF}.Release|x64.ActiveCfg = Release|x64
		{9C3D1E66-DD47-49A9-BA53-A4080449EBAF}.Release|x64.Build.0 = Release|x64
		{9C3D1E66-DD47-49A9-BA53-A4080449EBAF}.Release|x86.ActiveCfg = Release|Win32
		{9C3D1E66-DD47-49A9-BA53-A4080449EBAF}.Release|x86.Build.0 = Release|Win32
		{06841981-35B8-41CD-80B1-43EE10CA9B4C}.Debug|x64.ActiveCfg = Debug|x64
		{06841981-35B8-41CD-80B1-43EE10CA9B4C}.Debug|x64.Build.0 = Debug|x64
		{06841981-35B8-41CD-80B1-43EE10CA9B4C}.Debug|x86.ActiveCfg = Debug|Win32
		{06841981-35B8-41CD-80B1-43EE10CA9B4C}.Debug|x86.Build.0 = Debug|Win32
		{06841981-35B8-41CD-80B1-43EE10CA9B4C}.Release|x64.ActiveCfg = Release|x64
		{06841981-35B8-41CD-80B1-43EE10CA9B4C}.Release|x64.Build.0 = Release|x64
		{06841981-35B8-41CD-80B1-43EE10CA9B4C}.Release|x86.ActiveCfg = Release|Win32
		{06841981-35B8-41CD-80B1-43EE10CA9B4C}.Release|x86.Build.0 = Release|Win32
		{199AE15E-F8E8-4C97-B5F2-19B64A4DED4C}.Debug|x64.ActiveCfg = Debug|x64
		{199AE15E-F8E8-4C97-B5F2-19B64A4DED4C}.Debug|x64.Build.0 = Debug|x64
		{199AE15E-F8E8-4C97-B5F2-19B64A4DED4C}.Debug|x86.ActiveCfg = Debug|Win32
		{199AE15E-F8E8-4C97-B5F2-19B64A4DED4C}.Debug|x86.Build.0 = Debug|Win32
		{199AE15E-F8E8-4C97-B5F2-19B64A4DED4C}.Release|x64.ActiveCfg = Release|x64
		{199AE15E-F8E8-4C97-B5F2-19B64A4DED4C}.Release|x64.Build.0 = Release|x64
		{199AE15E-F8E8-4C97-B5F2-19B64A4DED4C}.Release|x86.ActiveCfg = Release|Win32
		{199AE15E-F8E8-4C97-B5F2-19B64A4DED4C}.Release|x86.Build.0 = Release|Win32
		{D65E8C0C-C84F-488C-9905-8823227CAFB2}.Debug|x64.ActiveCfg = Debug|x64
		{D65E8C0C-C84F-488C-9905-8823227CAFB2}.Debug|x64.Build.0 = Debug|x64
		{D65E8C0C-C84F-488C-9905-8823227CAFB2}.Debug|x86.ActiveCfg = Debug|Win32
		{D65E8C0C-C84F-488C-9905-8823227CAFB2}.Debug|x86.Build.0 = Debug|Win32
		{D65E8C0C-C84F-488C-9905-8823227CAFB2}.Release|x64.ActiveCfg = Release|x64
		{D65E8C0C-C84F-488C-9905-8823227CAFB2}.Release|x64.Build.0 = Release|x64
		{D65E8C0C-C84F-488C-9905-8823227CAFB2}.Release|x86.ActiveCfg = Release|Win32
		{D65E8C0C-C84F-488C-9905-8823227CAFB2}.Release|x86.Build.0 = Release|Win32
		{C13276C6-5AA8-4983-ACFA-664B463C5CBD}.Debug|x64.ActiveCfg = Debug|x64
		{C13276C6-5AA8-4983-ACFA-664B463C5CBD}.Debug|x64.Build.0 = Debug|x64
		{C13276C6-5AA8-4983-ACFA-664B463C5CBD}.Debug|x86.ActiveCfg = Debug|Win32
		{C13276C6-5AA8-4983-ACFA-664B463C5CBD}.Debug|x86.Build.0 = Debug|Win32
		{C13276C6-5AA8-4983-ACFA-664B463C5CBD}.Release|x64.ActiveCfg = Release|x64
		{C13276C6-5AA8-4983-ACFA-664B463C5CBD}.Release|x64.Build.0 = Release|x64
		{C13276C6-5AA8-4983-ACFA-664B463C5CBD}.Release|x86.ActiveCfg = Release|Win32
		{C13276C6-5AA8-4983-ACFA-664B463C5CBD}.Release|x86.Build.0 = Release|Win32
		{B1ED2182-0F0F-4A91-B148-869AEF4E444B}.Debug|x64.ActiveCfg = Debug|x64
		{B1ED2182-0F0F-4A91-B148-869AEF4E444B}.Debug|x64.Build.0 = Debug|x64
		{B1ED2182-0F0F-4A91-B148-869AEF4E444B}.Debug|x86.ActiveCfg = Debug|Win32
		{B1ED2182-0F0F-4A91-B148-869AEF4E444B}.Debug|x86.Build.0 = Debug|Win32
		{B1ED2182-0F0F-4A91-B148-869AEF4E444B}.Release|x64.ActiveCfg = Release|x64
		{B1ED2182-0F0F-4A91-B148-869AEF4E444B}.Release|x64.Build.0 = Release|x64
		{B1ED2182-0F0F-4A91-B148-869AEF4E444B}.Release|x86.ActiveCfg = Release|Win32
		{B1ED2182-0F0F-4A91-B148-869AEF4E444B}.Release|x86.Build.0 = Release|Win32
		{E6387421-0343-4DC8-A5C9-6895AFD373CE}.Debug|x64.ActiveCfg = Debug|x64
		{E6387421-0343-4DC8-A5C9-6895AFD373CE}.Debug|x64.Build.0 = Debug|x64
		{E6387421-0343-4DC8-A5C9-6895AFD373CE}.Debug|x86.ActiveCfg = Debug|Win32
		{E6387421-0343-4DC8-A5C9-6895AFD373CE}.Debug|x86.Build.0 = Debug|Win32
		{E6387421-0343-4DC8-A5C9-6895AFD373CE}.Release|x64.ActiveCfg = Release|x64
		{E6387421-0343-4DC8-A5C9-6895AFD373CE}.Release|x64.Build.0 = Release|x64
		{E6387421-0343-4DC8-A5C9-6895AFD373CE}.Release|x86.ActiveCfg = Release|Win32
		{E6387421-0343-4DC8-A5C9-6895AFD373CE}.Release|x86.Build.0 = Release|Win32
		{62C92D4B-1C92-4B49-9783-62A1A70FFE36}.Debug|x64.ActiveCfg = Debug|x64
		{62C92D4B-1C92-4B49-9783-62A1A70FFE36}.Debug|x64.Build.0 = Debug|x64
		{62C92D4B-1C92-4B49-9783-62A1A70FFE36}.Debug|x86.ActiveCfg = Debug|Win32
		{62C92D4B-1C92-4B49-9783-62A1A70FFE36}.Debug|x86.Build.0 = Debug|Win32
		{62C92D4B-1C92-4B49-9783-62A1A70FFE36}.Release|x64.ActiveCfg = Release|x64
		{62C92D4B-1C92-4B49-9783-62A1A70FFE36}.Release|x64.Build.0 = Release|x64
		{62C92D4B-1C92-4B49-9783-62A1A70FFE36}.Release|x86.ActiveCfg = Release|Win32
		{62C92D4B-1C92-4B49-9783-62A1A70FFE36}.Release|x86.Build.0 = Release|Win32
		{8361D18A-65A9-4086-B49E-1396C4A2467C}.Debug|x64.ActiveCfg = Debug|x64
		{8361D18A-65A9-4086-B49E-1396C4A2467C}.Debug|x64.Build.0 = Debug|x64
		{8361D18A-65A9-4086-B49E-1396C4A2467C}.Debug|x86.ActiveCfg = Debug|Win32
		{8361D18A-65A9-4086-B49E-1396C4A2467C}.Debug|x86.Build.0 = Debug|Win32
		{8361D18A-65A9-4086-B49E-1396C4A2467C}.Release|x64.ActiveCfg = Release|x64
		{8361D18A-65A9-4086-B49E-1396C4A2467C}.Release|x64.Build.0 = Release|x64
		{8361D18A-65A9-4086-B49E-1396C4A2467C}.Release|x86.ActiveCfg = Release|Win32
		{8361D18A-65A9-4086-B49E-1396C4A2467C}.Release|x86.Build.0 = Release|Win32
		{DACEBFEE-3C8A-4906-924A-062F411B2C2B}.Debug|x64.ActiveCfg = Debug|x64
		{DACEBFEE-3C8A-4906-924A-062F411B2C2B}.Debug|x64.Build.0 = Debug|x64
		{DACEBFEE-3C8A-4906-924A-062F411B2C2B}.Debug|x86.ActiveCfg = Debug|Win32
		{DACEBFEE-3C8A-4906-924A-062F411B2C2B}.Debug|x86.Build.0 = Debug|Win32
		{DACEBFEE-3C8A-4906-924A-062F411B2C2B}.Release|x64.ActiveCfg = Release|x64
		{DACEBFEE-3C8A-4906-924A-062F411B2C2B}.Release|x64.Build.0 = Release|x64
		{DACEBFEE-3C8A-4906-924A-062F411B2C2B}.Release|x86.ActiveCfg = Release|Win32
		{DACEBFEE-3C8A-4906-924A-062F411B2C2B}.Release|x86.Build.0 = Release|Win32
		{C76DF92D-C6A4-4E36-8D28-E77828AD5FBB}.Debug|x64.ActiveCfg = Debug|x64
		{C76DF92D-C6A4-4E36-8D28-E77828AD5FBB}.Debug|x64.Build.0 = Debug|x64
		{C76DF92D-C6A4-4E36-8D28-E77828AD5FBB}.Debug|x86.ActiveCfg = Debug|Win32
		{C76DF92D-C6A4-4E36-8D28-E77828AD5FBB}.Debug|x86.Build.0 = Debug|Win32
		{C76DF92D-C6A4-4E36-8D28-E77828AD5FBB}.Release|x64.ActiveCfg = Release|x64
		{C76DF92D-C6A4-4E36-8D28-E77828AD5FBB}.Release|x64.Build.0 = Release|x64
		{C76DF92D-C6A4-4E36-8D28-E77828AD5FBB}.Release|x86.ActiveCfg = Release|Win32
		{C76DF92D-C6A4-4E36-8D28-E77828AD5FBB}.Release|x86.Build.0 = Release|Win32
		{AA4D46A2-E3FF-4885-80C1-A88C4FBF5FAC}.Debug|x64.ActiveCfg = Debug|x64
		{AA4D46A2-E3FF-4885-80C1-A88C4FBF5FAC}.Debug|x64.Build.0 = Debug|x64
		{AA4D46A2-E3FF-4885-80C1-A88C4FBF5FAC}.Debug|x86.ActiveCfg = Debug|Win32
		{AA4D46A2-E3FF-4885-80C1-A88C4FBF5FAC}.Debug|x86.Build.0 = Debug|Win32
		{AA4D46A2-E3FF-4885-80C1-A88C4FBF5FAC}.Release|x64.ActiveCfg = Release|x64
		{AA4D46A2-E3FF-4885-80C1-A88C4FBF5FAC}.Release|x64.Build.0 = Release|x64
		{AA4D46A2-E3FF-4885-80C1-A88C4FBF5FAC}.Release|x86.ActiveCfg = Release|Win32
		{AA4D46A2-E3FF-4885-80C1-A88C4FBF5FAC}.Release|x86.Build.0 = Release|Win32
		{12C372FD-233A-4F63-A2B1-6BED0A97A52C}.Debug|x64.ActiveCfg = Debug|x64
		{12C372FD-233A-4F63-A2B1-6BED0A97A52C}.Debug|x64.Build.0 = Debug|x64
		{12C372FD-233A-4F63-A2B1-6BED0A97A52C}.Debug|x86.ActiveCfg = Debug|Win32
		{12C372FD-233A-4F63-A2B1-6BED0A97A52C}.Debug|x86.Build.0 = Debug|Win32
		{12C372FD-233A-4F63-A2B1-6BED0A97A52C}.Release|x64.ActiveCfg = Release|x64
		{12C372FD-233A-4F63-A2B1-6BED0A97A52C}.Release|x64.Build.0 = Release|x64
		{12C372FD-233A-4F63-A2B1-6BED0A97A52C}.Release|x86.ActiveCfg = Release|Win32
		{12C372FD-233A-4F63-A2B1-6BED0A97A52C}.Release|x86.Build.0 = Release|Win32
		{2894F0D7-E811-4C4E-B687-800489CD232B}.Debug|x64.ActiveCfg = Debug|x64
		{2894F0D7-E811-4C4E-B687-800489CD232B}.Debug|x64.Build.0 = Debug|x64
		{2894F0D7-E811-4C4E-B687-800489CD232B}.Debug|x86.ActiveCfg = Debug|Win32
		{2894F0D7-E811-4C4E-B687-800489CD232B}.Debug|x86.Build.0 = Debug|Win32
		{2894F0D7-E811-4C4E-B687-800489CD232B}.Release|x64.ActiveCfg = Release|x64
		{2894F0D7-E811-4C4E-B687-800489CD232B}.Release|x64.Build.0 = Release|x64
		{2894F0D7-E811-4C4E-B687-800489CD232B}.Release|x86.ActiveCfg = Release|Win32
		{2894F0D7-E811-4C4E-B687-800489CD232B}.Release|x86.Build.0 = Release|Win32
	EndGlobalSection
	GlobalSection(SolutionProperties) = preSolution
		HideSolutionNode = FALSE
	EndGlobalSection
	GlobalSection(ExtensibilityGlobals) = postSolution
		SolutionGuid = {894E9FE8-3578-45D2-BD44-5E9F740937C9}
	EndGlobalSection
EndGlobal
